# THIS IS AN AUTOGENERATED FILE. DO NOT EDIT THIS FILE DIRECTLY.
# yarn lockfile v1


"@fortawesome/fontawesome-free@^6.2.0":
  version "6.2.0"
  resolved "https://registry.yarnpkg.com/@fortawesome/fontawesome-free/-/fontawesome-free-6.2.0.tgz#ba3510825b332816fe7190f28827f8cb33a298b5"
  integrity sha512-CNR7qRIfCwWHNN7FnKUniva94edPdyQzil/zCwk3v6k4R6rR2Fr8i4s3PM7n/lyfPA6Zfko9z5WDzFxG9SW1uQ==

academicons@^1.9.2:
  version "1.9.2"
  resolved "https://registry.yarnpkg.com/academicons/-/academicons-1.9.2.tgz#6b1ce8acfa4e657b28fb11ab9cac60d5dc6b16e5"
  integrity sha512-LjlkK1E/daUUWqMJOXa/YeXL26K0FmN3cdyILgGCJKgo5bzgVYOO712DZDREzETrrC0MnKui8/hGYpM8kCTgZg==

uikit@^3.15.6:
  version "3.15.6"
  resolved "https://registry.yarnpkg.com/uikit/-/uikit-3.15.6.tgz#572f7333373d853267be64d255d24a154d36df6e"
  integrity sha512-hHj8TJ1g2VAUyN8ZzpGtkTtee/GUiWMxEqZGrA9R0e/1o0IeJrBU2V6JDbUczcxr45yNLeeNmUUsYCvou/+xCA==
